{
  "name": "@vivekshankar/logger",
  "version": "3.0.0",
  "lockfileVersion": 1,
  "requires": true,
  "dependencies": {
    "electron-log": {
      "version": "4.0.2",
      "resolved": "https://registry.npmjs.org/electron-log/-/electron-log-4.0.2.tgz",
      "integrity": "sha512-pj5iTMvk2Wi0YtXFX1kM4QU9Dxpg9mTZnvIiFInsFBikxMl1HLs2S+ODQ1yIT4+tLLeBocu0BZdyyshm8/2png=="
    }
  }
}
